
Microsoft Visual Studio Solution File, Format Version 12.00
# Visual Studio 15
VisualStudioVersion = 15.0.28010.2026
MinimumVisualStudioVersion = 10.0.40219.1
Project("{FAE04EC0-301F-11D3-BF4B-00C04F79EFBC}") = "Collections", "Collections\Collections.csproj", "{BCF13184-5A15-42C8-84D5-56D3486E87F4}"
EndProject
Global
	GlobalSection(SolutionConfigurationPlatforms) = preSolution
		Debug|Any CPU = Debug|Any CPU
		Release|Any CPU = Release|Any CPU
	EndGlobalSection
	GlobalSection(ProjectConfigurationPlatforms) = postSolution
		{BCF13184-5A15-42C8-84D5-56D3486E87F4}.Debug|Any CPU.ActiveCfg = Debug|Any CPU
		{BCF13184-5A15-42C8-84D5-56D3486E87F4}.Debug|Any CPU.Build.0 = Debug|Any CPU
		{BCF13184-5A15-42C8-84D5-56D3486E87F4}.Release|Any CPU.ActiveCfg = Release|Any CPU
		{BCF13184-5A15-42C8-84D5-56D3486E87F4}.Release|Any CPU.Build.0 = Release|Any CPU
	EndGlobalSection
	GlobalSection(SolutionProperties) = preSolution
		HideSolutionNode = FALSE
	EndGlobalSection
	GlobalSection(ExtensibilityGlobals) = postSolution
		SolutionGuid = {16D430A9-B080-4A75-BA7F-FE150D326875}
	EndGlobalSection
EndGlobal
